
Microsoft Visual Studio Solution File, Format Version 12.00
# Visual Studio 15
VisualStudioVersion = 15.0.28307.572
MinimumVisualStudioVersion = 10.0.40219.1
Project("{8BC9CEB8-8B4A-11D0-8D11-00A0C91BC942}") = "DVZ", "DVZ\DVZ.vcxproj", "{1C39D78D-0A3D-4731-8E81-543A8E42511D}"
	ProjectSection(ProjectDependencies) = postProject
		{9748807A-64F4-4B6E-9A39-6D2D562E1EAA} = {9748807A-64F4-4B6E-9A39-6D2D562E1EAA}
	EndProjectSection
EndProject
Project("{8BC9CEB8-8B4A-11D0-8D11-00A0C91BC942}") = "DVZ_server", "DVZ_server\DVZ_server.vcxproj", "{9748807A-64F4-4B6E-9A39-6D2D562E1EAA}"
EndProject
Project("{2150E333-8FDC-42A3-9474-1A3956D46DE8}") = "Solution Items", "Solution Items", "{A670AEE0-1111-4E1D-8F44-36DFDEF17FE0}"
	ProjectSection(SolutionItems) = preProject
		DVZ_common\BlockTypeEnum.h = DVZ_common\BlockTypeEnum.h
		DVZ_common\ChunkConstants.h = DVZ_common\ChunkConstants.h
		DVZ_common\Common.h = DVZ_common\Common.h
	EndProjectSection
EndProject
Project("{8BC9CEB8-8B4A-11D0-8D11-00A0C91BC942}") = "DVZ_common", "DVZ_common\DVZ_common.vcxitems", "{53F85A62-BEC2-4C2F-BC38-68DEC91A56B3}"
EndProject
Global
	GlobalSection(SharedMSBuildProjectFiles) = preSolution
		DVZ_common\DVZ_common.vcxitems*{1c39d78d-0a3d-4731-8e81-543a8e42511d}*SharedItemsImports = 4
		DVZ_common\DVZ_common.vcxitems*{53f85a62-bec2-4c2f-bc38-68dec91a56b3}*SharedItemsImports = 9
		DVZ_common\DVZ_common.vcxitems*{9748807a-64f4-4b6e-9a39-6d2d562e1eaa}*SharedItemsImports = 4
	EndGlobalSection
	GlobalSection(SolutionConfigurationPlatforms) = preSolution
		Debug|x64 = Debug|x64
		Debug|x86 = Debug|x86
		DebugSpeed|x64 = DebugSpeed|x64
		DebugSpeed|x86 = DebugSpeed|x86
		Release|x64 = Release|x64
		Release|x86 = Release|x86
	EndGlobalSection
	GlobalSection(ProjectConfigurationPlatforms) = postSolution
		{1C39D78D-0A3D-4731-8E81-543A8E42511D}.Debug|x64.ActiveCfg = Debug|x64
		{1C39D78D-0A3D-4731-8E81-543A8E42511D}.Debug|x64.Build.0 = Debug|x64
		{1C39D78D-0A3D-4731-8E81-543A8E42511D}.Debug|x86.ActiveCfg = Debug|Win32
		{1C39D78D-0A3D-4731-8E81-543A8E42511D}.Debug|x86.Build.0 = Debug|Win32
		{1C39D78D-0A3D-4731-8E81-543A8E42511D}.DebugSpeed|x64.ActiveCfg = DebugSpeed|x64
		{1C39D78D-0A3D-4731-8E81-543A8E42511D}.DebugSpeed|x64.Build.0 = DebugSpeed|x64
		{1C39D78D-0A3D-4731-8E81-543A8E42511D}.DebugSpeed|x86.ActiveCfg = DebugSpeed|Win32
		{1C39D78D-0A3D-4731-8E81-543A8E42511D}.DebugSpeed|x86.Build.0 = DebugSpeed|Win32
		{1C39D78D-0A3D-4731-8E81-543A8E42511D}.Release|x64.ActiveCfg = Release|x64
		{1C39D78D-0A3D-4731-8E81-543A8E42511D}.Release|x64.Build.0 = Release|x64
		{1C39D78D-0A3D-4731-8E81-543A8E42511D}.Release|x86.ActiveCfg = Release|Win32
		{1C39D78D-0A3D-4731-8E81-543A8E42511D}.Release|x86.Build.0 = Release|Win32
		{9748807A-64F4-4B6E-9A39-6D2D562E1EAA}.Debug|x64.ActiveCfg = Debug|x64
		{9748807A-64F4-4B6E-9A39-6D2D562E1EAA}.Debug|x64.Build.0 = Debug|x64
		{9748807A-64F4-4B6E-9A39-6D2D562E1EAA}.Debug|x86.ActiveCfg = Debug|Win32
		{9748807A-64F4-4B6E-9A39-6D2D562E1EAA}.Debug|x86.Build.0 = Debug|Win32
		{9748807A-64F4-4B6E-9A39-6D2D562E1EAA}.DebugSpeed|x64.ActiveCfg = DebugSpeed|x64
		{9748807A-64F4-4B6E-9A39-6D2D562E1EAA}.DebugSpeed|x64.Build.0 = DebugSpeed|x64
		{9748807A-64F4-4B6E-9A39-6D2D562E1EAA}.DebugSpeed|x86.ActiveCfg = DebugSpeed|Win32
		{9748807A-64F4-4B6E-9A39-6D2D562E1EAA}.DebugSpeed|x86.Build.0 = DebugSpeed|Win32
		{9748807A-64F4-4B6E-9A39-6D2D562E1EAA}.Release|x64.ActiveCfg = Release|x64
		{9748807A-64F4-4B6E-9A39-6D2D562E1EAA}.Release|x64.Build.0 = Release|x64
		{9748807A-64F4-4B6E-9A39-6D2D562E1EAA}.Release|x86.ActiveCfg = Release|Win32
		{9748807A-64F4-4B6E-9A39-6D2D562E1EAA}.Release|x86.Build.0 = Release|Win32
	EndGlobalSection
	GlobalSection(SolutionProperties) = preSolution
		HideSolutionNode = FALSE
	EndGlobalSection
	GlobalSection(ExtensibilityGlobals) = postSolution
		SolutionGuid = {FBCD127E-29AE-449A-A115-513E2C6FC346}
	EndGlobalSection
EndGlobal
